
Microsoft Visual Studio Solution File, Format Version 12.00
# Visual Studio 14
VisualStudioVersion = 14.0.25420.1
MinimumVisualStudioVersion = 10.0.40219.1
Project("{FAE04EC0-301F-11D3-BF4B-00C04F79EFBC}") = "DriverLoader", "DriverLoader\DriverLoader.csproj", "{3A8D7927-2AFE-4519-8D30-D8CABE628111}"
EndProject
Project("{FAE04EC0-301F-11D3-BF4B-00C04F79EFBC}") = "DriverOperateInterface", "DriverOperateInterface\DriverOperateInterface.csproj", "{BD74C83F-5ADA-43F9-B9AB-1325EC76764E}"
EndProject
Project("{8BC9CEB8-8B4A-11D0-8D11-00A0C91BC942}") = "DriverLibrary", "DriverLibrary\DriverLibrary.vcxproj", "{B3115D2B-65BD-4858-9FB7-395DB288741B}"
EndProject
Project("{FAE04EC0-301F-11D3-BF4B-00C04F79EFBC}") = "Infrastructure", "Infrastructure\Infrastructure.csproj", "{94BC9FDF-DBF4-4734-BA5E-BCAA42B56983}"
EndProject
Global
	GlobalSection(SolutionConfigurationPlatforms) = preSolution
		Debug|Any CPU = Debug|Any CPU
		Debug|x64 = Debug|x64
		Debug|x86 = Debug|x86
		Release|Any CPU = Release|Any CPU
		Release|x64 = Release|x64
		Release|x86 = Release|x86
	EndGlobalSection
	GlobalSection(ProjectConfigurationPlatforms) = postSolution
		{3A8D7927-2AFE-4519-8D30-D8CABE628111}.Debug|Any CPU.ActiveCfg = Debug|Any CPU
		{3A8D7927-2AFE-4519-8D30-D8CABE628111}.Debug|Any CPU.Build.0 = Debug|Any CPU
		{3A8D7927-2AFE-4519-8D30-D8CABE628111}.Debug|x64.ActiveCfg = Debug|Any CPU
		{3A8D7927-2AFE-4519-8D30-D8CABE628111}.Debug|x64.Build.0 = Debug|Any CPU
		{3A8D7927-2AFE-4519-8D30-D8CABE628111}.Debug|x86.ActiveCfg = Debug|Any CPU
		{3A8D7927-2AFE-4519-8D30-D8CABE628111}.Debug|x86.Build.0 = Debug|Any CPU
		{3A8D7927-2AFE-4519-8D30-D8CABE628111}.Release|Any CPU.ActiveCfg = Release|Any CPU
		{3A8D7927-2AFE-4519-8D30-D8CABE628111}.Release|Any CPU.Build.0 = Release|Any CPU
		{3A8D7927-2AFE-4519-8D30-D8CABE628111}.Release|x64.ActiveCfg = Release|Any CPU
		{3A8D7927-2AFE-4519-8D30-D8CABE628111}.Release|x64.Build.0 = Release|Any CPU
		{3A8D7927-2AFE-4519-8D30-D8CABE628111}.Release|x86.ActiveCfg = Release|Any CPU
		{3A8D7927-2AFE-4519-8D30-D8CABE628111}.Release|x86.Build.0 = Release|Any CPU
		{BD74C83F-5ADA-43F9-B9AB-1325EC76764E}.Debug|Any CPU.ActiveCfg = Debug|Any CPU
		{BD74C83F-5ADA-43F9-B9AB-1325EC76764E}.Debug|Any CPU.Build.0 = Debug|Any CPU
		{BD74C83F-5ADA-43F9-B9AB-1325EC76764E}.Debug|x64.ActiveCfg = Debug|Any CPU
		{BD74C83F-5ADA-43F9-B9AB-1325EC76764E}.Debug|x64.Build.0 = Debug|Any CPU
		{BD74C83F-5ADA-43F9-B9AB-1325EC76764E}.Debug|x86.ActiveCfg = Debug|Any CPU
		{BD74C83F-5ADA-43F9-B9AB-1325EC76764E}.Debug|x86.Build.0 = Debug|Any CPU
		{BD74C83F-5ADA-43F9-B9AB-1325EC76764E}.Release|Any CPU.ActiveCfg = Release|Any CPU
		{BD74C83F-5ADA-43F9-B9AB-1325EC76764E}.Release|Any CPU.Build.0 = Release|Any CPU
		{BD74C83F-5ADA-43F9-B9AB-1325EC76764E}.Release|x64.ActiveCfg = Release|Any CPU
		{BD74C83F-5ADA-43F9-B9AB-1325EC76764E}.Release|x64.Build.0 = Release|Any CPU
		{BD74C83F-5ADA-43F9-B9AB-1325EC76764E}.Release|x86.ActiveCfg = Release|Any CPU
		{BD74C83F-5ADA-43F9-B9AB-1325EC76764E}.Release|x86.Build.0 = Release|Any CPU
		{B3115D2B-65BD-4858-9FB7-395DB288741B}.Debug|Any CPU.ActiveCfg = Debug|Win32
		{B3115D2B-65BD-4858-9FB7-395DB288741B}.Debug|x64.ActiveCfg = Debug|x64
		{B3115D2B-65BD-4858-9FB7-395DB288741B}.Debug|x64.Build.0 = Debug|x64
		{B3115D2B-65BD-4858-9FB7-395DB288741B}.Debug|x86.ActiveCfg = Debug|Win32
		{B3115D2B-65BD-4858-9FB7-395DB288741B}.Debug|x86.Build.0 = Debug|Win32
		{B3115D2B-65BD-4858-9FB7-395DB288741B}.Release|Any CPU.ActiveCfg = Release|Win32
		{B3115D2B-65BD-4858-9FB7-395DB288741B}.Release|x64.ActiveCfg = Release|x64
		{B3115D2B-65BD-4858-9FB7-395DB288741B}.Release|x64.Build.0 = Release|x64
		{B3115D2B-65BD-4858-9FB7-395DB288741B}.Release|x86.ActiveCfg = Release|Win32
		{B3115D2B-65BD-4858-9FB7-395DB288741B}.Release|x86.Build.0 = Release|Win32
		{94BC9FDF-DBF4-4734-BA5E-BCAA42B56983}.Debug|Any CPU.ActiveCfg = Debug|Any CPU
		{94BC9FDF-DBF4-4734-BA5E-BCAA42B56983}.Debug|Any CPU.Build.0 = Debug|Any CPU
		{94BC9FDF-DBF4-4734-BA5E-BCAA42B56983}.Debug|x64.ActiveCfg = Debug|Any CPU
		{94BC9FDF-DBF4-4734-BA5E-BCAA42B56983}.Debug|x64.Build.0 = Debug|Any CPU
		{94BC9FDF-DBF4-4734-BA5E-BCAA42B56983}.Debug|x86.ActiveCfg = Debug|Any CPU
		{94BC9FDF-DBF4-4734-BA5E-BCAA42B56983}.Debug|x86.Build.0 = Debug|Any CPU
		{94BC9FDF-DBF4-4734-BA5E-BCAA42B56983}.Release|Any CPU.ActiveCfg = Release|Any CPU
		{94BC9FDF-DBF4-4734-BA5E-BCAA42B56983}.Release|Any CPU.Build.0 = Release|Any CPU
		{94BC9FDF-DBF4-4734-BA5E-BCAA42B56983}.Release|x64.ActiveCfg = Release|Any CPU
		{94BC9FDF-DBF4-4734-BA5E-BCAA42B56983}.Release|x64.Build.0 = Release|Any CPU
		{94BC9FDF-DBF4-4734-BA5E-BCAA42B56983}.Release|x86.ActiveCfg = Release|Any CPU
		{94BC9FDF-DBF4-4734-BA5E-BCAA42B56983}.Release|x86.Build.0 = Release|Any CPU
	EndGlobalSection
	GlobalSection(SolutionProperties) = preSolution
		HideSolutionNode = FALSE
	EndGlobalSection
EndGlobal
